
Microsoft Visual Studio Solution File, Format Version 12.00
Project("{FAE04EC0-301F-11D3-BF4B-00C04F79EFBC}") = "BlazorClient", "BlazorClient\BlazorClient.csproj", "{E2D6842D-D510-462D-B133-16430EE33415}"
EndProject
Project("{FAE04EC0-301F-11D3-BF4B-00C04F79EFBC}") = "SSEServer", "SSEServer\SSEServer.csproj", "{3AD0EAD1-AF47-4924-9C99-4854E77526DF}"
EndProject
Project("{2150E333-8FDC-42A3-9474-1A3956D46DE8}") = "HtmlClient", "HtmlClient", "{FAED9E4F-1D07-42BE-A70B-A8C5E1F0DFEB}"
	ProjectSection(SolutionItems) = preProject
		HtmlClient\index.html = HtmlClient\index.html
		HtmlClient\index_post.html = HtmlClient\index_post.html
		HtmlClient\EventSourceExtra.js = HtmlClient\EventSourceExtra.js
	EndProjectSection
EndProject
Project("{FAE04EC0-301F-11D3-BF4B-00C04F79EFBC}") = "SSEProxy", "SSEProxy\SSEProxy.csproj", "{E2110ACC-FB42-4FAE-93E8-0C8C6BD523A7}"
EndProject
Project("{2150E333-8FDC-42A3-9474-1A3956D46DE8}") = "Clients", "Clients", "{4DFD68AB-E756-490F-84B8-0870F8E5519B}"
EndProject
Project("{2150E333-8FDC-42A3-9474-1A3956D46DE8}") = "Servers", "Servers", "{3C03369E-BC36-440C-8B20-F52A498D2484}"
EndProject
Project("{FAE04EC0-301F-11D3-BF4B-00C04F79EFBC}") = "ConsoleClient", "ConsoleClient\ConsoleClient.csproj", "{2571CC1E-8912-4C6A-921D-B441E13FB7A6}"
EndProject
Project("{2150E333-8FDC-42A3-9474-1A3956D46DE8}") = "Tests", "Tests", "{342BEAB3-FE18-4B23-A864-B82B2B83B7D7}"
EndProject
Project("{FAE04EC0-301F-11D3-BF4B-00C04F79EFBC}") = "TestSseReader", "Tests\TestSseReader\TestSseReader.csproj", "{86203E08-CCC9-4DE7-81C4-E2F7D53A8A5B}"
EndProject
Global
	GlobalSection(SolutionConfigurationPlatforms) = preSolution
		Debug|Any CPU = Debug|Any CPU
		Release|Any CPU = Release|Any CPU
	EndGlobalSection
	GlobalSection(ProjectConfigurationPlatforms) = postSolution
		{E2D6842D-D510-462D-B133-16430EE33415}.Debug|Any CPU.ActiveCfg = Debug|Any CPU
		{E2D6842D-D510-462D-B133-16430EE33415}.Debug|Any CPU.Build.0 = Debug|Any CPU
		{E2D6842D-D510-462D-B133-16430EE33415}.Release|Any CPU.ActiveCfg = Release|Any CPU
		{E2D6842D-D510-462D-B133-16430EE33415}.Release|Any CPU.Build.0 = Release|Any CPU
		{3AD0EAD1-AF47-4924-9C99-4854E77526DF}.Debug|Any CPU.ActiveCfg = Debug|Any CPU
		{3AD0EAD1-AF47-4924-9C99-4854E77526DF}.Debug|Any CPU.Build.0 = Debug|Any CPU
		{3AD0EAD1-AF47-4924-9C99-4854E77526DF}.Release|Any CPU.ActiveCfg = Release|Any CPU
		{3AD0EAD1-AF47-4924-9C99-4854E77526DF}.Release|Any CPU.Build.0 = Release|Any CPU
		{E2110ACC-FB42-4FAE-93E8-0C8C6BD523A7}.Debug|Any CPU.ActiveCfg = Debug|Any CPU
		{E2110ACC-FB42-4FAE-93E8-0C8C6BD523A7}.Debug|Any CPU.Build.0 = Debug|Any CPU
		{E2110ACC-FB42-4FAE-93E8-0C8C6BD523A7}.Release|Any CPU.ActiveCfg = Release|Any CPU
		{E2110ACC-FB42-4FAE-93E8-0C8C6BD523A7}.Release|Any CPU.Build.0 = Release|Any CPU
		{2571CC1E-8912-4C6A-921D-B441E13FB7A6}.Debug|Any CPU.ActiveCfg = Debug|Any CPU
		{2571CC1E-8912-4C6A-921D-B441E13FB7A6}.Debug|Any CPU.Build.0 = Debug|Any CPU
		{2571CC1E-8912-4C6A-921D-B441E13FB7A6}.Release|Any CPU.ActiveCfg = Release|Any CPU
		{2571CC1E-8912-4C6A-921D-B441E13FB7A6}.Release|Any CPU.Build.0 = Release|Any CPU
		{86203E08-CCC9-4DE7-81C4-E2F7D53A8A5B}.Debug|Any CPU.ActiveCfg = Debug|Any CPU
		{86203E08-CCC9-4DE7-81C4-E2F7D53A8A5B}.Debug|Any CPU.Build.0 = Debug|Any CPU
		{86203E08-CCC9-4DE7-81C4-E2F7D53A8A5B}.Release|Any CPU.ActiveCfg = Release|Any CPU
		{86203E08-CCC9-4DE7-81C4-E2F7D53A8A5B}.Release|Any CPU.Build.0 = Release|Any CPU
	EndGlobalSection
	GlobalSection(NestedProjects) = preSolution
		{FAED9E4F-1D07-42BE-A70B-A8C5E1F0DFEB} = {4DFD68AB-E756-490F-84B8-0870F8E5519B}
		{E2D6842D-D510-462D-B133-16430EE33415} = {4DFD68AB-E756-490F-84B8-0870F8E5519B}
		{E2110ACC-FB42-4FAE-93E8-0C8C6BD523A7} = {3C03369E-BC36-440C-8B20-F52A498D2484}
		{3AD0EAD1-AF47-4924-9C99-4854E77526DF} = {3C03369E-BC36-440C-8B20-F52A498D2484}
		{2571CC1E-8912-4C6A-921D-B441E13FB7A6} = {4DFD68AB-E756-490F-84B8-0870F8E5519B}
		{86203E08-CCC9-4DE7-81C4-E2F7D53A8A5B} = {342BEAB3-FE18-4B23-A864-B82B2B83B7D7}
	EndGlobalSection
EndGlobal
